{
  "name": "hypercomb-web",
  "version": "0.0.0",
  "lockfileVersion": 3,
  "requires": true,
  "packages": {
    "": {
      "name": "hypercomb-web",
      "version": "0.0.0",
      "dependencies": {
        "@hypercomb/core": "file:../hypercomb-core"
      }
    },
    "../hypercomb-core": {
      "name": "@hypercomb/core",
      "version": "0.1.0",
      "devDependencies": {
        "typescript": "^5.9.3"
      }
    },
    "node_modules/@hypercomb/core": {
      "resolved": "../hypercomb-core",
      "link": true
    }
  }
}
